{
  "requires": true,
  "lockfileVersion": 1,
  "dependencies": {
    "bezier-easing": {
      "version": "2.1.0",
      "resolved": "https://registry.npmjs.org/bezier-easing/-/bezier-easing-2.1.0.tgz",
      "integrity": "sha1-wE3+i5JtbsrKGBPWn/F5t8ICXYY="
    },
    "for-next": {
      "version": "1.0.0",
      "resolved": "https://registry.npmjs.org/for-next/-/for-next-1.0.0.tgz",
      "integrity": "sha512-jkvKUAdlefPIauMx5u8A0cDTxxUfkEzPoKDhNRcZwYHRMkG5uiWbYGzRreIlJFMLogu7ElzfCkhwGzmk7E1MCg=="
    }
  }
}
